// !$*UTF8*$!
{
	archiveVersion = 1;
	classes = {
	};
	objectVersion = 48;
	objects = {

/* Begin PBXBuildFile section */
		745687A88945FE101645DF1F /* Pods_Eyepetizer.framework in Frameworks */ = {isa = PBXBuildFile; fileRef = 00D8105DB3E794F6B4B2BD65 /* Pods_Eyepetizer.framework */; };
		F333B866205BC7E50069BA34 /* Assets.xcassets in Resources */ = {isa = PBXBuildFile; fileRef = F333B858205BC7E40069BA34 /* Assets.xcassets */; };
		F333B867205BC7E50069BA34 /* AppDelegate.swift in Sources */ = {isa = PBXBuildFile; fileRef = F333B85E205BC7E40069BA34 /* AppDelegate.swift */; };
		F333B873205BC8270069BA34 /* Info.plist in Resources */ = {isa = PBXBuildFile; fileRef = F333B870205BC8270069BA34 /* Info.plist */; };
		F333B886205BC9790069BA34 /* RootTabBarViewController.swift in Sources */ = {isa = PBXBuildFile; fileRef = F333B885205BC9790069BA34 /* RootTabBarViewController.swift */; };
		F333B888205BCAAF0069BA34 /* HomeViewController.swift in Sources */ = {isa = PBXBuildFile; fileRef = F333B887205BCAAF0069BA34 /* HomeViewController.swift */; };
		F333B88A205CF7490069BA34 /* NetworkAPI.swift in Sources */ = {isa = PBXBuildFile; fileRef = F333B889205CF7490069BA34 /* NetworkAPI.swift */; };
		F333B88C205D01D70069BA34 /* RootNagigationController.swift in Sources */ = {isa = PBXBuildFile; fileRef = F333B88B205D01D70069BA34 /* RootNagigationController.swift */; };
		F333B88E205D116E0069BA34 /* FollowsViewController.swift in Sources */ = {isa = PBXBuildFile; fileRef = F333B88D205D116E0069BA34 /* FollowsViewController.swift */; };
		F333B890205D11940069BA34 /* NotificViewController.swift in Sources */ = {isa = PBXBuildFile; fileRef = F333B88F205D11940069BA34 /* NotificViewController.swift */; };
		F333B892205D12210069BA34 /* ProfileViewController.swift in Sources */ = {isa = PBXBuildFile; fileRef = F333B891205D12210069BA34 /* ProfileViewController.swift */; };
		F333B894205D16060069BA34 /* UIKit+Extension.swift in Sources */ = {isa = PBXBuildFile; fileRef = F333B893205D16060069BA34 /* UIKit+Extension.swift */; };
		F333B89A205D1C2F0069BA34 /* DINCondensedBold.TTF in Resources */ = {isa = PBXBuildFile; fileRef = F333B896205D1C2F0069BA34 /* DINCondensedBold.TTF */; };
		F333B89B205D1C2F0069BA34 /* FZLTXIHJW--GB1-0.TTF in Resources */ = {isa = PBXBuildFile; fileRef = F333B897205D1C2F0069BA34 /* FZLTXIHJW--GB1-0.TTF */; };
		F333B89C205D1C2F0069BA34 /* FZLTZCHJW--GB1-0.TTF in Resources */ = {isa = PBXBuildFile; fileRef = F333B898205D1C2F0069BA34 /* FZLTZCHJW--GB1-0.TTF */; };
		F333B89D205D1C2F0069BA34 /* Lobster 1.4.otf in Resources */ = {isa = PBXBuildFile; fileRef = F333B899205D1C2F0069BA34 /* Lobster 1.4.otf */; };
		F333B8B1206129D10069BA34 /* HomeTopView.swift in Sources */ = {isa = PBXBuildFile; fileRef = F333B8B0206129D10069BA34 /* HomeTopView.swift */; };
		F3414527206CCA6E00D0EBDF /* HomeSubViewController.swift in Sources */ = {isa = PBXBuildFile; fileRef = F3414526206CCA6E00D0EBDF /* HomeSubViewController.swift */; };
		F34DD8F32071DDE100638340 /* HomeItemModel.swift in Sources */ = {isa = PBXBuildFile; fileRef = F34DD8F22071DDE100638340 /* HomeItemModel.swift */; };
		F3BCDF0B2079AA93002B64CD /* HomeSquartCell.swift in Sources */ = {isa = PBXBuildFile; fileRef = F3BCDF0A2079AA93002B64CD /* HomeSquartCell.swift */; };
		F3BCDF0D2079C766002B64CD /* HomeSquareFollowCardCell.swift in Sources */ = {isa = PBXBuildFile; fileRef = F3BCDF0C2079C766002B64CD /* HomeSquareFollowCardCell.swift */; };
		F3BCDF0F207B085A002B64CD /* HomeSquareBannerCell.swift in Sources */ = {isa = PBXBuildFile; fileRef = F3BCDF0E207B085A002B64CD /* HomeSquareBannerCell.swift */; };
		F3BCDF12207B3558002B64CD /* LoadingView.swift in Sources */ = {isa = PBXBuildFile; fileRef = F3BCDF11207B3558002B64CD /* LoadingView.swift */; };
/* End PBXBuildFile section */

/* Begin PBXFileReference section */
		00D8105DB3E794F6B4B2BD65 /* Pods_Eyepetizer.framework */ = {isa = PBXFileReference; explicitFileType = wrapper.framework; includeInIndex = 0; path = Pods_Eyepetizer.framework; sourceTree = BUILT_PRODUCTS_DIR; };
		CA4339367F421AF830F63B68 /* Pods-Eyepetizer.debug.xcconfig */ = {isa = PBXFileReference; includeInIndex = 1; lastKnownFileType = text.xcconfig; name = "Pods-Eyepetizer.debug.xcconfig"; path = "Pods/Target Support Files/Pods-Eyepetizer/Pods-Eyepetizer.debug.xcconfig"; sourceTree = "<group>"; };
		CE3CEE5EFFD950D1A0F3FE8A /* Pods-Eyepetizer.release.xcconfig */ = {isa = PBXFileReference; includeInIndex = 1; lastKnownFileType = text.xcconfig; name = "Pods-Eyepetizer.release.xcconfig"; path = "Pods/Target Support Files/Pods-Eyepetizer/Pods-Eyepetizer.release.xcconfig"; sourceTree = "<group>"; };
		F333B841205BC6B50069BA34 /* Eyepetizer.app */ = {isa = PBXFileReference; explicitFileType = wrapper.application; includeInIndex = 0; path = Eyepetizer.app; sourceTree = BUILT_PRODUCTS_DIR; };
		F333B858205BC7E40069BA34 /* Assets.xcassets */ = {isa = PBXFileReference; lastKnownFileType = folder.assetcatalog; path = Assets.xcassets; sourceTree = "<group>"; };
		F333B85E205BC7E40069BA34 /* AppDelegate.swift */ = {isa = PBXFileReference; fileEncoding = 4; lastKnownFileType = sourcecode.swift; path = AppDelegate.swift; sourceTree = "<group>"; };
		F333B870205BC8270069BA34 /* Info.plist */ = {isa = PBXFileReference; fileEncoding = 4; lastKnownFileType = text.plist.xml; path = Info.plist; sourceTree = "<group>"; };
		F333B885205BC9790069BA34 /* RootTabBarViewController.swift */ = {isa = PBXFileReference; lastKnownFileType = sourcecode.swift; path = RootTabBarViewController.swift; sourceTree = "<group>"; };
		F333B887205BCAAF0069BA34 /* HomeViewController.swift */ = {isa = PBXFileReference; lastKnownFileType = sourcecode.swift; path = HomeViewController.swift; sourceTree = "<group>"; };
		F333B889205CF7490069BA34 /* NetworkAPI.swift */ = {isa = PBXFileReference; lastKnownFileType = sourcecode.swift; path = NetworkAPI.swift; sourceTree = "<group>"; };
		F333B88B205D01D70069BA34 /* RootNagigationController.swift */ = {isa = PBXFileReference; lastKnownFileType = sourcecode.swift; path = RootNagigationController.swift; sourceTree = "<group>"; };
		F333B88D205D116E0069BA34 /* FollowsViewController.swift */ = {isa = PBXFileReference; lastKnownFileType = sourcecode.swift; path = FollowsViewController.swift; sourceTree = "<group>"; };
		F333B88F205D11940069BA34 /* NotificViewController.swift */ = {isa = PBXFileReference; lastKnownFileType = sourcecode.swift; path = NotificViewController.swift; sourceTree = "<group>"; };
		F333B891205D12210069BA34 /* ProfileViewController.swift */ = {isa = PBXFileReference; lastKnownFileType = sourcecode.swift; path = ProfileViewController.swift; sourceTree = "<group>"; };
		F333B893205D16060069BA34 /* UIKit+Extension.swift */ = {isa = PBXFileReference; lastKnownFileType = sourcecode.swift; path = "UIKit+Extension.swift"; sourceTree = "<group>"; };
		F333B896205D1C2F0069BA34 /* DINCondensedBold.TTF */ = {isa = PBXFileReference; lastKnownFileType = file; path = DINCondensedBold.TTF; sourceTree = "<group>"; };
		F333B897205D1C2F0069BA34 /* FZLTXIHJW--GB1-0.TTF */ = {isa = PBXFileReference; lastKnownFileType = file; path = "FZLTXIHJW--GB1-0.TTF"; sourceTree = "<group>"; };
		F333B898205D1C2F0069BA34 /* FZLTZCHJW--GB1-0.TTF */ = {isa = PBXFileReference; lastKnownFileType = file; path = "FZLTZCHJW--GB1-0.TTF"; sourceTree = "<group>"; };
		F333B899205D1C2F0069BA34 /* Lobster 1.4.otf */ = {isa = PBXFileReference; lastKnownFileType = file; path = "Lobster 1.4.otf"; sourceTree = "<group>"; };
		F333B8B0206129D10069BA34 /* HomeTopView.swift */ = {isa = PBXFileReference; lastKnownFileType = sourcecode.swift; path = HomeTopView.swift; sourceTree = "<group>"; };
		F3414526206CCA6E00D0EBDF /* HomeSubViewController.swift */ = {isa = PBXFileReference; lastKnownFileType = sourcecode.swift; path = HomeSubViewController.swift; sourceTree = "<group>"; };
		F34DD8F22071DDE100638340 /* HomeItemModel.swift */ = {isa = PBXFileReference; lastKnownFileType = sourcecode.swift; path = HomeItemModel.swift; sourceTree = "<group>"; };
		F3BCDF0A2079AA93002B64CD /* HomeSquartCell.swift */ = {isa = PBXFileReference; lastKnownFileType = sourcecode.swift; path = HomeSquartCell.swift; sourceTree = "<group>"; };
		F3BCDF0C2079C766002B64CD /* HomeSquareFollowCardCell.swift */ = {isa = PBXFileReference; lastKnownFileType = sourcecode.swift; path = HomeSquareFollowCardCell.swift; sourceTree = "<group>"; };
		F3BCDF0E207B085A002B64CD /* HomeSquareBannerCell.swift */ = {isa = PBXFileReference; lastKnownFileType = sourcecode.swift; path = HomeSquareBannerCell.swift; sourceTree = "<group>"; };
		F3BCDF11207B3558002B64CD /* LoadingView.swift */ = {isa = PBXFileReference; lastKnownFileType = sourcecode.swift; path = LoadingView.swift; sourceTree = "<group>"; };
/* End PBXFileReference section */

/* Begin PBXFrameworksBuildPhase section */
		F333B83E205BC6B50069BA34 /* Frameworks */ = {
			isa = PBXFrameworksBuildPhase;
			buildActionMask = 2147483647;
			files = (
				745687A88945FE101645DF1F /* Pods_Eyepetizer.framework in Frameworks */,
			);
			runOnlyForDeploymentPostprocessing = 0;
		};
/* End PBXFrameworksBuildPhase section */

/* Begin PBXGroup section */
		6F45118D088A68B0B320495F /* Pods */ = {
			isa = PBXGroup;
			children = (
				CA4339367F421AF830F63B68 /* Pods-Eyepetizer.debug.xcconfig */,
				CE3CEE5EFFD950D1A0F3FE8A /* Pods-Eyepetizer.release.xcconfig */,
			);
			name = Pods;
			sourceTree = "<group>";
		};
		F333B838205BC6B50069BA34 = {
			isa = PBXGroup;
			children = (
				F333B843205BC6B50069BA34 /* Eyepetizer */,
				F333B842205BC6B50069BA34 /* Products */,
				6F45118D088A68B0B320495F /* Pods */,
				F5D0E9090C793E151ED8F21B /* Frameworks */,
			);
			sourceTree = "<group>";
		};
		F333B842205BC6B50069BA34 /* Products */ = {
			isa = PBXGroup;
			children = (
				F333B841205BC6B50069BA34 /* Eyepetizer.app */,
			);
			name = Products;
			sourceTree = "<group>";
		};
		F333B843205BC6B50069BA34 /* Eyepetizer */ = {
			isa = PBXGroup;
			children = (
				F333B85D205BC7E40069BA34 /* AppBoot */,
				F333B85B205BC7E40069BA34 /* Categories */,
				F333B865205BC7E50069BA34 /* Constant */,
				F333B85C205BC7E40069BA34 /* Lib */,
				F333B859205BC7E40069BA34 /* Module */,
				F333B85A205BC7E40069BA34 /* Network */,
				F333B857205BC7E40069BA34 /* Resource */,
				F333B856205BC7E40069BA34 /* Utils */,
				F333B86B205BC8270069BA34 /* Other files */,
			);
			path = Eyepetizer;
			sourceTree = "<group>";
		};
		F333B856205BC7E40069BA34 /* Utils */ = {
			isa = PBXGroup;
			children = (
			);
			path = Utils;
			sourceTree = "<group>";
		};
		F333B857205BC7E40069BA34 /* Resource */ = {
			isa = PBXGroup;
			children = (
				F333B895205D1C2F0069BA34 /* Fonts */,
				F333B858205BC7E40069BA34 /* Assets.xcassets */,
			);
			path = Resource;
			sourceTree = "<group>";
		};
		F333B859205BC7E40069BA34 /* Module */ = {
			isa = PBXGroup;
			children = (
				F3BCDF10207B3541002B64CD /* Loading */,
				F333B884205BC9370069BA34 /* Main */,
				F333B880205BC9170069BA34 /* Follows */,
				F333B874205BC9170069BA34 /* Home */,
				F333B878205BC9170069BA34 /* Notific */,
				F333B87C205BC9170069BA34 /* Profile */,
			);
			path = Module;
			sourceTree = "<group>";
		};
		F333B85A205BC7E40069BA34 /* Network */ = {
			isa = PBXGroup;
			children = (
				F333B889205CF7490069BA34 /* NetworkAPI.swift */,
			);
			path = Network;
			sourceTree = "<group>";
		};
		F333B85B205BC7E40069BA34 /* Categories */ = {
			isa = PBXGroup;
			children = (
				F333B893205D16060069BA34 /* UIKit+Extension.swift */,
			);
			path = Categories;
			sourceTree = "<group>";
		};
		F333B85C205BC7E40069BA34 /* Lib */ = {
			isa = PBXGroup;
			children = (
			);
			path = Lib;
			sourceTree = "<group>";
		};
		F333B85D205BC7E40069BA34 /* AppBoot */ = {
			isa = PBXGroup;
			children = (
				F333B85E205BC7E40069BA34 /* AppDelegate.swift */,
			);
			path = AppBoot;
			sourceTree = "<group>";
		};
		F333B865205BC7E50069BA34 /* Constant */ = {
			isa = PBXGroup;
			children = (
			);
			path = Constant;
			sourceTree = "<group>";
		};
		F333B86B205BC8270069BA34 /* Other files */ = {
			isa = PBXGroup;
			children = (
				F333B870205BC8270069BA34 /* Info.plist */,
			);
			path = "Other files";
			sourceTree = "<group>";
		};
		F333B874205BC9170069BA34 /* Home */ = {
			isa = PBXGroup;
			children = (
				F333B875205BC9170069BA34 /* Model */,
				F333B876205BC9170069BA34 /* Controllers */,
				F333B877205BC9170069BA34 /* Views */,
			);
			path = Home;
			sourceTree = "<group>";
		};
		F333B875205BC9170069BA34 /* Model */ = {
			isa = PBXGroup;
			children = (
				F34DD8F22071DDE100638340 /* HomeItemModel.swift */,
			);
			path = Model;
			sourceTree = "<group>";
		};
		F333B876205BC9170069BA34 /* Controllers */ = {
			isa = PBXGroup;
			children = (
				F333B887205BCAAF0069BA34 /* HomeViewController.swift */,
				F3414526206CCA6E00D0EBDF /* HomeSubViewController.swift */,
			);
			path = Controllers;
			sourceTree = "<group>";
		};
		F333B877205BC9170069BA34 /* Views */ = {
			isa = PBXGroup;
			children = (
				F3BCDF092079A95F002B64CD /* Cells */,
				F333B8B0206129D10069BA34 /* HomeTopView.swift */,
			);
			path = Views;
			sourceTree = "<group>";
		};
		F333B878205BC9170069BA34 /* Notific */ = {
			isa = PBXGroup;
			children = (
				F333B879205BC9170069BA34 /* Model */,
				F333B87A205BC9170069BA34 /* Controllers */,
				F333B87B205BC9170069BA34 /* Views */,
			);
			path = Notific;
			sourceTree = "<group>";
		};
		F333B879205BC9170069BA34 /* Model */ = {
			isa = PBXGroup;
			children = (
			);
			path = Model;
			sourceTree = "<group>";
		};
		F333B87A205BC9170069BA34 /* Controllers */ = {
			isa = PBXGroup;
			children = (
				F333B88F205D11940069BA34 /* NotificViewController.swift */,
			);
			path = Controllers;
			sourceTree = "<group>";
		};
		F333B87B205BC9170069BA34 /* Views */ = {
			isa = PBXGroup;
			children = (
			);
			path = Views;
			sourceTree = "<group>";
		};
		F333B87C205BC9170069BA34 /* Profile */ = {
			isa = PBXGroup;
			children = (
				F333B87D205BC9170069BA34 /* Model */,
				F333B87E205BC9170069BA34 /* Controllers */,
				F333B87F205BC9170069BA34 /* Views */,
			);
			path = Profile;
			sourceTree = "<group>";
		};
		F333B87D205BC9170069BA34 /* Model */ = {
			isa = PBXGroup;
			children = (
			);
			path = Model;
			sourceTree = "<group>";
		};
		F333B87E205BC9170069BA34 /* Controllers */ = {
			isa = PBXGroup;
			children = (
				F333B891205D12210069BA34 /* ProfileViewController.swift */,
			);
			path = Controllers;
			sourceTree = "<group>";
		};
		F333B87F205BC9170069BA34 /* Views */ = {
			isa = PBXGroup;
			children = (
			);
			path = Views;
			sourceTree = "<group>";
		};
		F333B880205BC9170069BA34 /* Follows */ = {
			isa = PBXGroup;
			children = (
				F333B881205BC9170069BA34 /* Model */,
				F333B882205BC9170069BA34 /* Controllers */,
				F333B883205BC9170069BA34 /* Views */,
			);
			path = Follows;
			sourceTree = "<group>";
		};
		F333B881205BC9170069BA34 /* Model */ = {
			isa = PBXGroup;
			children = (
			);
			path = Model;
			sourceTree = "<group>";
		};
		F333B882205BC9170069BA34 /* Controllers */ = {
			isa = PBXGroup;
			children = (
				F333B88D205D116E0069BA34 /* FollowsViewController.swift */,
			);
			path = Controllers;
			sourceTree = "<group>";
		};
		F333B883205BC9170069BA34 /* Views */ = {
			isa = PBXGroup;
			children = (
			);
			path = Views;
			sourceTree = "<group>";
		};
		F333B884205BC9370069BA34 /* Main */ = {
			isa = PBXGroup;
			children = (
				F333B885205BC9790069BA34 /* RootTabBarViewController.swift */,
				F333B88B205D01D70069BA34 /* RootNagigationController.swift */,
			);
			path = Main;
			sourceTree = "<group>";
		};
		F333B895205D1C2F0069BA34 /* Fonts */ = {
			isa = PBXGroup;
			children = (
				F333B896205D1C2F0069BA34 /* DINCondensedBold.TTF */,
				F333B897205D1C2F0069BA34 /* FZLTXIHJW--GB1-0.TTF */,
				F333B898205D1C2F0069BA34 /* FZLTZCHJW--GB1-0.TTF */,
				F333B899205D1C2F0069BA34 /* Lobster 1.4.otf */,
			);
			path = Fonts;
			sourceTree = "<group>";
		};
		F3BCDF092079A95F002B64CD /* Cells */ = {
			isa = PBXGroup;
			children = (
				F3BCDF0A2079AA93002B64CD /* HomeSquartCell.swift */,
				F3BCDF0C2079C766002B64CD /* HomeSquareFollowCardCell.swift */,
				F3BCDF0E207B085A002B64CD /* HomeSquareBannerCell.swift */,
			);
			path = Cells;
			sourceTree = "<group>";
		};
		F3BCDF10207B3541002B64CD /* Loading */ = {
			isa = PBXGroup;
			children = (
				F3BCDF11207B3558002B64CD /* LoadingView.swift */,
			);
			path = Loading;
			sourceTree = "<group>";
		};
		F5D0E9090C793E151ED8F21B /* Frameworks */ = {
			isa = PBXGroup;
			children = (
				00D8105DB3E794F6B4B2BD65 /* Pods_Eyepetizer.framework */,
			);
			name = Frameworks;
			sourceTree = "<group>";
		};
/* End PBXGroup section */

/* Begin PBXNativeTarget section */
		F333B840205BC6B50069BA34 /* Eyepetizer */ = {
			isa = PBXNativeTarget;
			buildConfigurationList = F333B853205BC6B50069BA34 /* Build configuration list for PBXNativeTarget "Eyepetizer" */;
			buildPhases = (
				098EB2C723AEE05239FF898B /* [CP] Check Pods Manifest.lock */,
				F333B83D205BC6B50069BA34 /* Sources */,
				F333B83E205BC6B50069BA34 /* Frameworks */,
				F333B83F205BC6B50069BA34 /* Resources */,
				EE4E9BD23A5135E8BEB96562 /* [CP] Embed Pods Frameworks */,
				7DAF6C6D47F5B564EF93271D /* [CP] Copy Pods Resources */,
			);
			buildRules = (
			);
			dependencies = (
			);
			name = Eyepetizer;
			productName = Eyepetizer;
			productReference = F333B841205BC6B50069BA34 /* Eyepetizer.app */;
			productType = "com.apple.product-type.application";
		};
/* End PBXNativeTarget section */

/* Begin PBXProject section */
		F333B839205BC6B50069BA34 /* Project object */ = {
			isa = PBXProject;
			attributes = {
				LastSwiftUpdateCheck = 0920;
				LastUpgradeCheck = 0920;
				ORGANIZATIONNAME = caikaixuan;
				TargetAttributes = {
					F333B840205BC6B50069BA34 = {
						CreatedOnToolsVersion = 9.2;
						ProvisioningStyle = Automatic;
					};
				};
			};
			buildConfigurationList = F333B83C205BC6B50069BA34 /* Build configuration list for PBXProject "Eyepetizer" */;
			compatibilityVersion = "Xcode 8.0";
			developmentRegion = en;
			hasScannedForEncodings = 0;
			knownRegions = (
				en,
				Base,
			);
			mainGroup = F333B838205BC6B50069BA34;
			productRefGroup = F333B842205BC6B50069BA34 /* Products */;
			projectDirPath = "";
			projectRoot = "";
			targets = (
				F333B840205BC6B50069BA34 /* Eyepetizer */,
			);
		};
/* End PBXProject section */

/* Begin PBXResourcesBuildPhase section */
		F333B83F205BC6B50069BA34 /* Resources */ = {
			isa = PBXResourcesBuildPhase;
			buildActionMask = 2147483647;
			files = (
				F333B873205BC8270069BA34 /* Info.plist in Resources */,
				F333B89C205D1C2F0069BA34 /* FZLTZCHJW--GB1-0.TTF in Resources */,
				F333B89A205D1C2F0069BA34 /* DINCondensedBold.TTF in Resources */,
				F333B866205BC7E50069BA34 /* Assets.xcassets in Resources */,
				F333B89D205D1C2F0069BA34 /* Lobster 1.4.otf in Resources */,
				F333B89B205D1C2F0069BA34 /* FZLTXIHJW--GB1-0.TTF in Resources */,
			);
			runOnlyForDeploymentPostprocessing = 0;
		};
/* End PBXResourcesBuildPhase section */

/* Begin PBXShellScriptBuildPhase section */
		098EB2C723AEE05239FF898B /* [CP] Check Pods Manifest.lock */ = {
			isa = PBXShellScriptBuildPhase;
			buildActionMask = 2147483647;
			files = (
			);
			inputPaths = (
				"${PODS_PODFILE_DIR_PATH}/Podfile.lock",
				"${PODS_ROOT}/Manifest.lock",
			);
			name = "[CP] Check Pods Manifest.lock";
			outputPaths = (
				"$(DERIVED_FILE_DIR)/Pods-Eyepetizer-checkManifestLockResult.txt",
			);
			runOnlyForDeploymentPostprocessing = 0;
			shellPath = /bin/sh;
			shellScript = "diff \"${PODS_PODFILE_DIR_PATH}/Podfile.lock\" \"${PODS_ROOT}/Manifest.lock\" > /dev/null\nif [ $? != 0 ] ; then\n    # print error to STDERR\n    echo \"error: The sandbox is not in sync with the Podfile.lock. Run 'pod install' or update your CocoaPods installation.\" >&2\n    exit 1\nfi\n# This output is used by Xcode 'outputs' to avoid re-running this script phase.\necho \"SUCCESS\" > \"${SCRIPT_OUTPUT_FILE_0}\"\n";
			showEnvVarsInLog = 0;
		};
		7DAF6C6D47F5B564EF93271D /* [CP] Copy Pods Resources */ = {
			isa = PBXShellScriptBuildPhase;
			buildActionMask = 2147483647;
			files = (
			);
			inputPaths = (
			);
			name = "[CP] Copy Pods Resources";
			outputPaths = (
			);
			runOnlyForDeploymentPostprocessing = 0;
			shellPath = /bin/sh;
			shellScript = "\"${SRCROOT}/Pods/Target Support Files/Pods-Eyepetizer/Pods-Eyepetizer-resources.sh\"\n";
			showEnvVarsInLog = 0;
		};
		EE4E9BD23A5135E8BEB96562 /* [CP] Embed Pods Frameworks */ = {
			isa = PBXShellScriptBuildPhase;
			buildActionMask = 2147483647;
			files = (
			);
			inputPaths = (
				"${SRCROOT}/Pods/Target Support Files/Pods-Eyepetizer/Pods-Eyepetizer-frameworks.sh",
				"${BUILT_PRODUCTS_DIR}/Alamofire/Alamofire.framework",
				"${BUILT_PRODUCTS_DIR}/FDFullscreenPopGesture/FDFullscreenPopGesture.framework",
				"${BUILT_PRODUCTS_DIR}/HandyJSON/HandyJSON.framework",
				"${BUILT_PRODUCTS_DIR}/IBAnimatable/IBAnimatable.framework",
				"${BUILT_PRODUCTS_DIR}/JKCategories/JKCategories.framework",
				"${BUILT_PRODUCTS_DIR}/Kingfisher/Kingfisher.framework",
				"${BUILT_PRODUCTS_DIR}/MJRefresh/MJRefresh.framework",
				"${BUILT_PRODUCTS_DIR}/Moya/Moya.framework",
				"${BUILT_PRODUCTS_DIR}/Result/Result.framework",
				"${BUILT_PRODUCTS_DIR}/RxCocoa/RxCocoa.framework",
				"${BUILT_PRODUCTS_DIR}/RxSwift/RxSwift.framework",
				"${BUILT_PRODUCTS_DIR}/SGPagingView/SGPagingView.framework",
				"${BUILT_PRODUCTS_DIR}/SnapKit/SnapKit.framework",
				"${BUILT_PRODUCTS_DIR}/SwiftyJSON/SwiftyJSON.framework",
			);
			name = "[CP] Embed Pods Frameworks";
			outputPaths = (
				"${TARGET_BUILD_DIR}/${FRAMEWORKS_FOLDER_PATH}/Alamofire.framework",
				"${TARGET_BUILD_DIR}/${FRAMEWORKS_FOLDER_PATH}/FDFullscreenPopGesture.framework",
				"${TARGET_BUILD_DIR}/${FRAMEWORKS_FOLDER_PATH}/HandyJSON.framework",
				"${TARGET_BUILD_DIR}/${FRAMEWORKS_FOLDER_PATH}/IBAnimatable.framework",
				"${TARGET_BUILD_DIR}/${FRAMEWORKS_FOLDER_PATH}/JKCategories.framework",
				"${TARGET_BUILD_DIR}/${FRAMEWORKS_FOLDER_PATH}/Kingfisher.framework",
				"${TARGET_BUILD_DIR}/${FRAMEWORKS_FOLDER_PATH}/MJRefresh.framework",
				"${TARGET_BUILD_DIR}/${FRAMEWORKS_FOLDER_PATH}/Moya.framework",
				"${TARGET_BUILD_DIR}/${FRAMEWORKS_FOLDER_PATH}/Result.framework",
				"${TARGET_BUILD_DIR}/${FRAMEWORKS_FOLDER_PATH}/RxCocoa.framework",
				"${TARGET_BUILD_DIR}/${FRAMEWORKS_FOLDER_PATH}/RxSwift.framework",
				"${TARGET_BUILD_DIR}/${FRAMEWORKS_FOLDER_PATH}/SGPagingView.framework",
				"${TARGET_BUILD_DIR}/${FRAMEWORKS_FOLDER_PATH}/SnapKit.framework",
				"${TARGET_BUILD_DIR}/${FRAMEWORKS_FOLDER_PATH}/SwiftyJSON.framework",
			);
			runOnlyForDeploymentPostprocessing = 0;
			shellPath = /bin/sh;
			shellScript = "\"${SRCROOT}/Pods/Target Support Files/Pods-Eyepetizer/Pods-Eyepetizer-frameworks.sh\"\n";
			showEnvVarsInLog = 0;
		};
/* End PBXShellScriptBuildPhase section */

/* Begin PBXSourcesBuildPhase section */
		F333B83D205BC6B50069BA34 /* Sources */ = {
			isa = PBXSourcesBuildPhase;
			buildActionMask = 2147483647;
			files = (
				F333B890205D11940069BA34 /* NotificViewController.swift in Sources */,
				F3BCDF0F207B085A002B64CD /* HomeSquareBannerCell.swift in Sources */,
				F333B8B1206129D10069BA34 /* HomeTopView.swift in Sources */,
				F333B88C205D01D70069BA34 /* RootNagigationController.swift in Sources */,
				F3BCDF0D2079C766002B64CD /* HomeSquareFollowCardCell.swift in Sources */,
				F3BCDF12207B3558002B64CD /* LoadingView.swift in Sources */,
				F3BCDF0B2079AA93002B64CD /* HomeSquartCell.swift in Sources */,
				F34DD8F32071DDE100638340 /* HomeItemModel.swift in Sources */,
				F3414527206CCA6E00D0EBDF /* HomeSubViewController.swift in Sources */,
				F333B886205BC9790069BA34 /* RootTabBarViewController.swift in Sources */,
				F333B867205BC7E50069BA34 /* AppDelegate.swift in Sources */,
				F333B888205BCAAF0069BA34 /* HomeViewController.swift in Sources */,
				F333B88A205CF7490069BA34 /* NetworkAPI.swift in Sources */,
				F333B892205D12210069BA34 /* ProfileViewController.swift in Sources */,
				F333B894205D16060069BA34 /* UIKit+Extension.swift in Sources */,
				F333B88E205D116E0069BA34 /* FollowsViewController.swift in Sources */,
			);
			runOnlyForDeploymentPostprocessing = 0;
		};
/* End PBXSourcesBuildPhase section */

/* Begin XCBuildConfiguration section */
		F333B851205BC6B50069BA34 /* Debug */ = {
			isa = XCBuildConfiguration;
			buildSettings = {
				ALWAYS_SEARCH_USER_PATHS = NO;
				CLANG_ANALYZER_NONNULL = YES;
				CLANG_ANALYZER_NUMBER_OBJECT_CONVERSION = YES_AGGRESSIVE;
				CLANG_CXX_LANGUAGE_STANDARD = "gnu++14";
				CLANG_CXX_LIBRARY = "libc++";
				CLANG_ENABLE_MODULES = YES;
				CLANG_ENABLE_OBJC_ARC = YES;
				CLANG_WARN_BLOCK_CAPTURE_AUTORELEASING = YES;
				CLANG_WARN_BOOL_CONVERSION = YES;
				CLANG_WARN_COMMA = YES;
				CLANG_WARN_CONSTANT_CONVERSION = YES;
				CLANG_WARN_DIRECT_OBJC_ISA_USAGE = YES_ERROR;
				CLANG_WARN_DOCUMENTATION_COMMENTS = YES;
				CLANG_WARN_EMPTY_BODY = YES;
				CLANG_WARN_ENUM_CONVERSION = YES;
				CLANG_WARN_INFINITE_RECURSION = YES;
				CLANG_WARN_INT_CONVERSION = YES;
				CLANG_WARN_NON_LITERAL_NULL_CONVERSION = YES;
				CLANG_WARN_OBJC_LITERAL_CONVERSION = YES;
				CLANG_WARN_OBJC_ROOT_CLASS = YES_ERROR;
				CLANG_WARN_RANGE_LOOP_ANALYSIS = YES;
				CLANG_WARN_STRICT_PROTOTYPES = YES;
				CLANG_WARN_SUSPICIOUS_MOVE = YES;
				CLANG_WARN_UNGUARDED_AVAILABILITY = YES_AGGRESSIVE;
				CLANG_WARN_UNREACHABLE_CODE = YES;
				CLANG_WARN__DUPLICATE_METHOD_MATCH = YES;
				CODE_SIGN_IDENTITY = "iPhone Developer";
				COPY_PHASE_STRIP = NO;
				DEBUG_INFORMATION_FORMAT = dwarf;
				ENABLE_STRICT_OBJC_MSGSEND = YES;
				ENABLE_TESTABILITY = YES;
				GCC_C_LANGUAGE_STANDARD = gnu11;
				GCC_DYNAMIC_NO_PIC = NO;
				GCC_NO_COMMON_BLOCKS = YES;
				GCC_OPTIMIZATION_LEVEL = 0;
				GCC_PREPROCESSOR_DEFINITIONS = (
					"DEBUG=1",
					"$(inherited)",
				);
				GCC_WARN_64_TO_32_BIT_CONVERSION = YES;
				GCC_WARN_ABOUT_RETURN_TYPE = YES_ERROR;
				GCC_WARN_UNDECLARED_SELECTOR = YES;
				GCC_WARN_UNINITIALIZED_AUTOS = YES_AGGRESSIVE;
				GCC_WARN_UNUSED_FUNCTION = YES;
				GCC_WARN_UNUSED_VARIABLE = YES;
				IPHONEOS_DEPLOYMENT_TARGET = 11.2;
				MTL_ENABLE_DEBUG_INFO = YES;
				ONLY_ACTIVE_ARCH = YES;
				SDKROOT = iphoneos;
				SWIFT_ACTIVE_COMPILATION_CONDITIONS = DEBUG;
				SWIFT_OPTIMIZATION_LEVEL = "-Onone";
			};
			name = Debug;
		};
		F333B852205BC6B50069BA34 /* Release */ = {
			isa = XCBuildConfiguration;
			buildSettings = {
				ALWAYS_SEARCH_USER_PATHS = NO;
				CLANG_ANALYZER_NONNULL = YES;
				CLANG_ANALYZER_NUMBER_OBJECT_CONVERSION = YES_AGGRESSIVE;
				CLANG_CXX_LANGUAGE_STANDARD = "gnu++14";
				CLANG_CXX_LIBRARY = "libc++";
				CLANG_ENABLE_MODULES = YES;
				CLANG_ENABLE_OBJC_ARC = YES;
				CLANG_WARN_BLOCK_CAPTURE_AUTORELEASING = YES;
				CLANG_WARN_BOOL_CONVERSION = YES;
				CLANG_WARN_COMMA = YES;
				CLANG_WARN_CONSTANT_CONVERSION = YES;
				CLANG_WARN_DIRECT_OBJC_ISA_USAGE = YES_ERROR;
				CLANG_WARN_DOCUMENTATION_COMMENTS = YES;
				CLANG_WARN_EMPTY_BODY = YES;
				CLANG_WARN_ENUM_CONVERSION = YES;
				CLANG_WARN_INFINITE_RECURSION = YES;
				CLANG_WARN_INT_CONVERSION = YES;
				CLANG_WARN_NON_LITERAL_NULL_CONVERSION = YES;
				CLANG_WARN_OBJC_LITERAL_CONVERSION = YES;
				CLANG_WARN_OBJC_ROOT_CLASS = YES_ERROR;
				CLANG_WARN_RANGE_LOOP_ANALYSIS = YES;
				CLANG_WARN_STRICT_PROTOTYPES = YES;
				CLANG_WARN_SUSPICIOUS_MOVE = YES;
				CLANG_WARN_UNGUARDED_AVAILABILITY = YES_AGGRESSIVE;
				CLANG_WARN_UNREACHABLE_CODE = YES;
				CLANG_WARN__DUPLICATE_METHOD_MATCH = YES;
				CODE_SIGN_IDENTITY = "iPhone Developer";
				COPY_PHASE_STRIP = NO;
				DEBUG_INFORMATION_FORMAT = "dwarf-with-dsym";
				ENABLE_NS_ASSERTIONS = NO;
				ENABLE_STRICT_OBJC_MSGSEND = YES;
				GCC_C_LANGUAGE_STANDARD = gnu11;
				GCC_NO_COMMON_BLOCKS = YES;
				GCC_WARN_64_TO_32_BIT_CONVERSION = YES;
				GCC_WARN_ABOUT_RETURN_TYPE = YES_ERROR;
				GCC_WARN_UNDECLARED_SELECTOR = YES;
				GCC_WARN_UNINITIALIZED_AUTOS = YES_AGGRESSIVE;
				GCC_WARN_UNUSED_FUNCTION = YES;
				GCC_WARN_UNUSED_VARIABLE = YES;
				IPHONEOS_DEPLOYMENT_TARGET = 11.2;
				MTL_ENABLE_DEBUG_INFO = NO;
				SDKROOT = iphoneos;
				SWIFT_OPTIMIZATION_LEVEL = "-Owholemodule";
				VALIDATE_PRODUCT = YES;
			};
			name = Release;
		};
		F333B854205BC6B50069BA34 /* Debug */ = {
			isa = XCBuildConfiguration;
			baseConfigurationReference = CA4339367F421AF830F63B68 /* Pods-Eyepetizer.debug.xcconfig */;
			buildSettings = {
				ASSETCATALOG_COMPILER_APPICON_NAME = AppIcon;
				ASSETCATALOG_COMPILER_LAUNCHIMAGE_NAME = LaunchImage;
				CODE_SIGN_STYLE = Automatic;
				DEVELOPMENT_TEAM = LCR7NHC4V2;
				INFOPLIST_FILE = "$(SRCROOT)/Eyepetizer/Other files/Info.plist";
				LD_RUNPATH_SEARCH_PATHS = "$(inherited) @executable_path/Frameworks";
				PRODUCT_BUNDLE_IDENTIFIER = ioscoder.cc.Eyepetizer;
				PRODUCT_NAME = "$(TARGET_NAME)";
				SWIFT_VERSION = 4.0;
				TARGETED_DEVICE_FAMILY = "1,2";
			};
			name = Debug;
		};
		F333B855205BC6B50069BA34 /* Release */ = {
			isa = XCBuildConfiguration;
			baseConfigurationReference = CE3CEE5EFFD950D1A0F3FE8A /* Pods-Eyepetizer.release.xcconfig */;
			buildSettings = {
				ASSETCATALOG_COMPILER_APPICON_NAME = AppIcon;
				ASSETCATALOG_COMPILER_LAUNCHIMAGE_NAME = LaunchImage;
				CODE_SIGN_STYLE = Automatic;
				DEVELOPMENT_TEAM = LCR7NHC4V2;
				INFOPLIST_FILE = "$(SRCROOT)/Eyepetizer/Other files/Info.plist";
				LD_RUNPATH_SEARCH_PATHS = "$(inherited) @executable_path/Frameworks";
				PRODUCT_BUNDLE_IDENTIFIER = ioscoder.cc.Eyepetizer;
				PRODUCT_NAME = "$(TARGET_NAME)";
				SWIFT_VERSION = 4.0;
				TARGETED_DEVICE_FAMILY = "1,2";
			};
			name = Release;
		};
/* End XCBuildConfiguration section */

/* Begin XCConfigurationList section */
		F333B83C205BC6B50069BA34 /* Build configuration list for PBXProject "Eyepetizer" */ = {
			isa = XCConfigurationList;
			buildConfigurations = (
				F333B851205BC6B50069BA34 /* Debug */,
				F333B852205BC6B50069BA34 /* Release */,
			);
			defaultConfigurationIsVisible = 0;
			defaultConfigurationName = Release;
		};
		F333B853205BC6B50069BA34 /* Build configuration list for PBXNativeTarget "Eyepetizer" */ = {
			isa = XCConfigurationList;
			buildConfigurations = (
				F333B854205BC6B50069BA34 /* Debug */,
				F333B855205BC6B50069BA34 /* Release */,
			);
			defaultConfigurationIsVisible = 0;
			defaultConfigurationName = Release;
		};
/* End XCConfigurationList section */
	};
	rootObject = F333B839205BC6B50069BA34 /* Project object */;
}
